
Microsoft Visual Studio Solution File, Format Version 12.00
# Visual Studio Version 16
VisualStudioVersion = 16.0.29503.13
MinimumVisualStudioVersion = 10.0.40219.1
Project("{9A19103F-16F7-4668-BE54-9A1E7A4F7556}") = "WebApplication", "WebApplication\WebApplication.csproj", "{EC1F42B9-C54F-46EB-B5B2-16964995362D}"
EndProject
Project("{FAE04EC0-301F-11D3-BF4B-00C04F79EFBC}") = "AuthServer.Infrastructure", "AuthServer.Infrastructure\AuthServer.Infrastructure.csproj", "{0EBB1343-1B64-43E0-A222-00BA7C43D40A}"
EndProject
Global
	GlobalSection(SolutionConfigurationPlatforms) = preSolution
		Debug|Any CPU = Debug|Any CPU
		Release|Any CPU = Release|Any CPU
	EndGlobalSection
	GlobalSection(ProjectConfigurationPlatforms) = postSolution
		{EC1F42B9-C54F-46EB-B5B2-16964995362D}.Debug|Any CPU.ActiveCfg = Debug|Any CPU
		{EC1F42B9-C54F-46EB-B5B2-16964995362D}.Debug|Any CPU.Build.0 = Debug|Any CPU
		{EC1F42B9-C54F-46EB-B5B2-16964995362D}.Release|Any CPU.ActiveCfg = Release|Any CPU
		{EC1F42B9-C54F-46EB-B5B2-16964995362D}.Release|Any CPU.Build.0 = Release|Any CPU
		{0EBB1343-1B64-43E0-A222-00BA7C43D40A}.Debug|Any CPU.ActiveCfg = Debug|Any CPU
		{0EBB1343-1B64-43E0-A222-00BA7C43D40A}.Debug|Any CPU.Build.0 = Debug|Any CPU
		{0EBB1343-1B64-43E0-A222-00BA7C43D40A}.Release|Any CPU.ActiveCfg = Release|Any CPU
		{0EBB1343-1B64-43E0-A222-00BA7C43D40A}.Release|Any CPU.Build.0 = Release|Any CPU
	EndGlobalSection
	GlobalSection(SolutionProperties) = preSolution
		HideSolutionNode = FALSE
	EndGlobalSection
	GlobalSection(ExtensibilityGlobals) = postSolution
		SolutionGuid = {045194DA-BF41-40AD-8DF6-6BD635186C95}
	EndGlobalSection
EndGlobal
